
Microsoft Visual Studio Solution File, Format Version 12.00
# Visual Studio Version 16
VisualStudioVersion = 16.0.30114.105
MinimumVisualStudioVersion = 10.0.40219.1
Project("{FAE04EC0-301F-11D3-BF4B-00C04F79EFBC}") = "ApiFilmowe", "ApiFilmowe\ApiFilmowe.csproj", "{3C12FBA8-7D37-4872-A472-03541884009A}"
EndProject
Global
	GlobalSection(SolutionConfigurationPlatforms) = preSolution
		Debug|Any CPU = Debug|Any CPU
		Release|Any CPU = Release|Any CPU
	EndGlobalSection
	GlobalSection(ProjectConfigurationPlatforms) = postSolution
		{3C12FBA8-7D37-4872-A472-03541884009A}.Debug|Any CPU.ActiveCfg = Debug|Any CPU
		{3C12FBA8-7D37-4872-A472-03541884009A}.Debug|Any CPU.Build.0 = Debug|Any CPU
		{3C12FBA8-7D37-4872-A472-03541884009A}.Release|Any CPU.ActiveCfg = Release|Any CPU
		{3C12FBA8-7D37-4872-A472-03541884009A}.Release|Any CPU.Build.0 = Release|Any CPU
	EndGlobalSection
	GlobalSection(SolutionProperties) = preSolution
		HideSolutionNode = FALSE
	EndGlobalSection
	GlobalSection(ExtensibilityGlobals) = postSolution
		SolutionGuid = {38BE597A-05BC-4DC2-A8E7-081960D8C94E}
	EndGlobalSection
EndGlobal
